#
# This file is autogenerated by pip-compile with Python 3.12
# by the following command:
#
#    pip-compile --output-file=requirements.lock pyproject.toml
#
annotated-doc==0.0.4
    # via fastapi
annotated-types==0.7.0
    # via pydantic
anyio==4.13.0
    # via
    #   starlette
    #   watchfiles
apscheduler==3.11.2
    # via mediaman (pyproject.toml)
bcrypt==5.0.0
    # via mediaman (pyproject.toml)
certifi==2026.4.22
    # via requests
cffi==2.0.0
    # via cryptography
charset-normalizer==3.4.7
    # via requests
click==8.3.3
    # via uvicorn
cryptography==46.0.7
    # via mediaman (pyproject.toml)
defusedxml==0.7.1
    # via mediaman (pyproject.toml)
fastapi==0.136.1
    # via mediaman (pyproject.toml)
h11==0.16.0
    # via uvicorn
httptools==0.7.1
    # via uvicorn
idna==3.13
    # via
    #   anyio
    #   requests
jinja2==3.1.6
    # via mediaman (pyproject.toml)
markupsafe==3.0.3
    # via jinja2
plexapi==4.18.1
    # via mediaman (pyproject.toml)
pycparser==3.0
    # via cffi
pydantic==2.13.3
    # via
    #   fastapi
    #   mediaman (pyproject.toml)
pydantic-core==2.46.3
    # via pydantic
python-dotenv==1.2.2
    # via uvicorn
python-multipart==0.0.26
    # via mediaman (pyproject.toml)
pyyaml==6.0.3
    # via uvicorn
requests==2.33.1
    # via
    #   mediaman (pyproject.toml)
    #   plexapi
starlette==1.0.0
    # via fastapi
typing-extensions==4.15.0
    # via
    #   anyio
    #   fastapi
    #   pydantic
    #   pydantic-core
    #   starlette
    #   typing-inspection
typing-inspection==0.4.2
    # via
    #   fastapi
    #   pydantic
tzlocal==5.3.1
    # via apscheduler
urllib3==2.6.3
    # via requests
uvicorn[standard]==0.46.0
    # via mediaman (pyproject.toml)
uvloop==0.22.1
    # via uvicorn
watchfiles==1.1.1
    # via uvicorn
websockets==16.0
    # via uvicorn
